
Microsoft Visual Studio Solution File, Format Version 12.00
# Visual Studio Version 16
VisualStudioVersion = 16.0.29411.108
MinimumVisualStudioVersion = 10.0.40219.1
Project("{FAE04EC0-301F-11D3-BF4B-00C04F79EFBC}") = "YouTube", "YouTube\YouTube.csproj", "{EF7C2D08-1376-4D86-8204-B5A7A274154D}"
EndProject
Global
	GlobalSection(SolutionConfigurationPlatforms) = preSolution
		Debug|Any CPU = Debug|Any CPU
		Release|Any CPU = Release|Any CPU
	EndGlobalSection
	GlobalSection(ProjectConfigurationPlatforms) = postSolution
		{EF7C2D08-1376-4D86-8204-B5A7A274154D}.Debug|Any CPU.ActiveCfg = Debug|Any CPU
		{EF7C2D08-1376-4D86-8204-B5A7A274154D}.Debug|Any CPU.Build.0 = Debug|Any CPU
		{EF7C2D08-1376-4D86-8204-B5A7A274154D}.Release|Any CPU.ActiveCfg = Release|Any CPU
		{EF7C2D08-1376-4D86-8204-B5A7A274154D}.Release|Any CPU.Build.0 = Release|Any CPU
	EndGlobalSection
	GlobalSection(SolutionProperties) = preSolution
		HideSolutionNode = FALSE
	EndGlobalSection
	GlobalSection(ExtensibilityGlobals) = postSolution
		SolutionGuid = {84E6A389-6781-4191-8252-9B8FD98D1922}
	EndGlobalSection
EndGlobal
